
Microsoft Visual Studio Solution File, Format Version 12.00
# Visual Studio 15
VisualStudioVersion = 15.0.28307.438
MinimumVisualStudioVersion = 10.0.40219.1
Project("{FAE04EC0-301F-11D3-BF4B-00C04F79EFBC}") = "AKQA.WebApi", "AKQA.WebApi\AKQA.WebApi.csproj", "{82E3F841-238D-4C58-A22C-4F1CA62A0AC5}"
EndProject
Project("{FAE04EC0-301F-11D3-BF4B-00C04F79EFBC}") = "AKQA.Services", "AKQA.Services\AKQA.Services.csproj", "{FD2C77FA-45F2-4000-BDBF-9431095922AD}"
EndProject
Project("{2150E333-8FDC-42A3-9474-1A3956D46DE8}") = "Tests", "Tests", "{726FF5C0-3150-4BF1-A8C6-9BC187A22194}"
EndProject
Project("{FAE04EC0-301F-11D3-BF4B-00C04F79EFBC}") = "AKQA.Services.Tests", "AKQA.Services.Tests\AKQA.Services.Tests.csproj", "{69F4A23C-147E-464B-B5FC-B33E60E0E6B7}"
EndProject
Project("{FAE04EC0-301F-11D3-BF4B-00C04F79EFBC}") = "AKQA.Model", "AKQA.Model\AKQA.Model.csproj", "{34F231AF-7BCA-4268-AF39-1EC1ABACB7DA}"
EndProject
Global
	GlobalSection(SolutionConfigurationPlatforms) = preSolution
		Debug|Any CPU = Debug|Any CPU
		Release|Any CPU = Release|Any CPU
	EndGlobalSection
	GlobalSection(ProjectConfigurationPlatforms) = postSolution
		{82E3F841-238D-4C58-A22C-4F1CA62A0AC5}.Debug|Any CPU.ActiveCfg = Debug|Any CPU
		{82E3F841-238D-4C58-A22C-4F1CA62A0AC5}.Debug|Any CPU.Build.0 = Debug|Any CPU
		{82E3F841-238D-4C58-A22C-4F1CA62A0AC5}.Release|Any CPU.ActiveCfg = Release|Any CPU
		{82E3F841-238D-4C58-A22C-4F1CA62A0AC5}.Release|Any CPU.Build.0 = Release|Any CPU
		{FD2C77FA-45F2-4000-BDBF-9431095922AD}.Debug|Any CPU.ActiveCfg = Debug|Any CPU
		{FD2C77FA-45F2-4000-BDBF-9431095922AD}.Debug|Any CPU.Build.0 = Debug|Any CPU
		{FD2C77FA-45F2-4000-BDBF-9431095922AD}.Release|Any CPU.ActiveCfg = Release|Any CPU
		{FD2C77FA-45F2-4000-BDBF-9431095922AD}.Release|Any CPU.Build.0 = Release|Any CPU
		{69F4A23C-147E-464B-B5FC-B33E60E0E6B7}.Debug|Any CPU.ActiveCfg = Debug|Any CPU
		{69F4A23C-147E-464B-B5FC-B33E60E0E6B7}.Debug|Any CPU.Build.0 = Debug|Any CPU
		{69F4A23C-147E-464B-B5FC-B33E60E0E6B7}.Release|Any CPU.ActiveCfg = Release|Any CPU
		{69F4A23C-147E-464B-B5FC-B33E60E0E6B7}.Release|Any CPU.Build.0 = Release|Any CPU
		{34F231AF-7BCA-4268-AF39-1EC1ABACB7DA}.Debug|Any CPU.ActiveCfg = Debug|Any CPU
		{34F231AF-7BCA-4268-AF39-1EC1ABACB7DA}.Debug|Any CPU.Build.0 = Debug|Any CPU
		{34F231AF-7BCA-4268-AF39-1EC1ABACB7DA}.Release|Any CPU.ActiveCfg = Release|Any CPU
		{34F231AF-7BCA-4268-AF39-1EC1ABACB7DA}.Release|Any CPU.Build.0 = Release|Any CPU
	EndGlobalSection
	GlobalSection(SolutionProperties) = preSolution
		HideSolutionNode = FALSE
	EndGlobalSection
	GlobalSection(NestedProjects) = preSolution
		{69F4A23C-147E-464B-B5FC-B33E60E0E6B7} = {726FF5C0-3150-4BF1-A8C6-9BC187A22194}
	EndGlobalSection
	GlobalSection(ExtensibilityGlobals) = postSolution
		SolutionGuid = {AF4F49B9-21A1-4CD4-80EA-231DC5FC362A}
	EndGlobalSection
EndGlobal
